
Microsoft Visual Studio Solution File, Format Version 12.00
# Visual Studio Version 17
VisualStudioVersion = 17.0.31903.59
MinimumVisualStudioVersion = 10.0.40219.1
Project("{2150E333-8FDC-42A3-9474-1A3956D46DE8}") = "src", "src", "{B6F75E1F-8869-4785-AA77-37C729DEAC97}"
EndProject
Project("{FAE04EC0-301F-11D3-BF4B-00C04F79EFBC}") = "Core", "src\Core\Core.csproj", "{925F651C-1C53-4E81-9CFB-2DF1A3CA06EC}"
EndProject
Project("{2150E333-8FDC-42A3-9474-1A3956D46DE8}") = "Adapters", "Adapters", "{08694D1C-3811-4DB7-8170-63C722B38156}"
EndProject
Project("{2150E333-8FDC-42A3-9474-1A3956D46DE8}") = "In", "In", "{5E258CA5-D0DA-4A36-A554-CCBFD52B2C60}"
EndProject
Project("{FAE04EC0-301F-11D3-BF4B-00C04F79EFBC}") = "WebApi", "src\Adapters\In\WebApi\WebApi.csproj", "{7B0D24D5-7E06-4162-8876-A32090BD2E48}"
EndProject
Project("{2150E333-8FDC-42A3-9474-1A3956D46DE8}") = "Out", "Out", "{3F69F411-5D65-485A-A6B1-51EDA8E5CAF7}"
EndProject
Project("{FAE04EC0-301F-11D3-BF4B-00C04F79EFBC}") = "Persistence.Sql", "src\Adapters\Out\Persistence.Sql\Persistence.Sql.csproj", "{98DDC300-1ADF-4175-B561-F37BA1FADE1C}"
EndProject
Project("{FAE04EC0-301F-11D3-BF4B-00C04F79EFBC}") = "Cache.Redis", "src\Adapters\Out\Cache.Redis\Cache.Redis.csproj", "{B88FE7DF-3CB9-4DF9-AAAB-FEA61EB7A492}"
EndProject
Project("{FAE04EC0-301F-11D3-BF4B-00C04F79EFBC}") = "Codes", "src\Adapters\Out\Codes\Codes.csproj", "{BCAE3087-97CE-4B5C-8BE4-5D1643BF6D38}"
EndProject
Project("{2150E333-8FDC-42A3-9474-1A3956D46DE8}") = "tests", "tests", "{6F769EC4-FC62-432D-8C0A-5AB0F8CAC36C}"
EndProject
Project("{FAE04EC0-301F-11D3-BF4B-00C04F79EFBC}") = "UnitTests", "tests\Unit\UnitTests.csproj", "{4D7A5998-8DFF-492C-946E-1155C9122752}"
EndProject
Project("{FAE04EC0-301F-11D3-BF4B-00C04F79EFBC}") = "IntegrationTests", "tests\Integration\IntegrationTests.csproj", "{E82BF3FC-ED96-4E3E-87B4-9ADECD9E0BA1}"
EndProject
Project("{FAE04EC0-301F-11D3-BF4B-00C04F79EFBC}") = "Persistence.InMemory", "src\Adapters\Out\Persistence.InMemory\Persistence.InMemory.csproj", "{055E1067-AA51-4096-9D81-1D7DCA85AC43}"
EndProject
Global
	GlobalSection(SolutionConfigurationPlatforms) = preSolution
		Debug|Any CPU = Debug|Any CPU
		Release|Any CPU = Release|Any CPU
	EndGlobalSection
	GlobalSection(SolutionProperties) = preSolution
		HideSolutionNode = FALSE
	EndGlobalSection
	GlobalSection(ProjectConfigurationPlatforms) = postSolution
		{925F651C-1C53-4E81-9CFB-2DF1A3CA06EC}.Debug|Any CPU.ActiveCfg = Debug|Any CPU
		{925F651C-1C53-4E81-9CFB-2DF1A3CA06EC}.Debug|Any CPU.Build.0 = Debug|Any CPU
		{925F651C-1C53-4E81-9CFB-2DF1A3CA06EC}.Release|Any CPU.ActiveCfg = Release|Any CPU
		{925F651C-1C53-4E81-9CFB-2DF1A3CA06EC}.Release|Any CPU.Build.0 = Release|Any CPU
		{7B0D24D5-7E06-4162-8876-A32090BD2E48}.Debug|Any CPU.ActiveCfg = Debug|Any CPU
		{7B0D24D5-7E06-4162-8876-A32090BD2E48}.Debug|Any CPU.Build.0 = Debug|Any CPU
		{7B0D24D5-7E06-4162-8876-A32090BD2E48}.Release|Any CPU.ActiveCfg = Release|Any CPU
		{7B0D24D5-7E06-4162-8876-A32090BD2E48}.Release|Any CPU.Build.0 = Release|Any CPU
		{98DDC300-1ADF-4175-B561-F37BA1FADE1C}.Debug|Any CPU.ActiveCfg = Debug|Any CPU
		{98DDC300-1ADF-4175-B561-F37BA1FADE1C}.Debug|Any CPU.Build.0 = Debug|Any CPU
		{98DDC300-1ADF-4175-B561-F37BA1FADE1C}.Release|Any CPU.ActiveCfg = Release|Any CPU
		{98DDC300-1ADF-4175-B561-F37BA1FADE1C}.Release|Any CPU.Build.0 = Release|Any CPU
		{B88FE7DF-3CB9-4DF9-AAAB-FEA61EB7A492}.Debug|Any CPU.ActiveCfg = Debug|Any CPU
		{B88FE7DF-3CB9-4DF9-AAAB-FEA61EB7A492}.Debug|Any CPU.Build.0 = Debug|Any CPU
		{B88FE7DF-3CB9-4DF9-AAAB-FEA61EB7A492}.Release|Any CPU.ActiveCfg = Release|Any CPU
		{B88FE7DF-3CB9-4DF9-AAAB-FEA61EB7A492}.Release|Any CPU.Build.0 = Release|Any CPU
		{BCAE3087-97CE-4B5C-8BE4-5D1643BF6D38}.Debug|Any CPU.ActiveCfg = Debug|Any CPU
		{BCAE3087-97CE-4B5C-8BE4-5D1643BF6D38}.Debug|Any CPU.Build.0 = Debug|Any CPU
		{BCAE3087-97CE-4B5C-8BE4-5D1643BF6D38}.Release|Any CPU.ActiveCfg = Release|Any CPU
		{BCAE3087-97CE-4B5C-8BE4-5D1643BF6D38}.Release|Any CPU.Build.0 = Release|Any CPU
		{4D7A5998-8DFF-492C-946E-1155C9122752}.Debug|Any CPU.ActiveCfg = Debug|Any CPU
		{4D7A5998-8DFF-492C-946E-1155C9122752}.Debug|Any CPU.Build.0 = Debug|Any CPU
		{4D7A5998-8DFF-492C-946E-1155C9122752}.Release|Any CPU.ActiveCfg = Release|Any CPU
		{4D7A5998-8DFF-492C-946E-1155C9122752}.Release|Any CPU.Build.0 = Release|Any CPU
		{E82BF3FC-ED96-4E3E-87B4-9ADECD9E0BA1}.Debug|Any CPU.ActiveCfg = Debug|Any CPU
		{E82BF3FC-ED96-4E3E-87B4-9ADECD9E0BA1}.Debug|Any CPU.Build.0 = Debug|Any CPU
		{E82BF3FC-ED96-4E3E-87B4-9ADECD9E0BA1}.Release|Any CPU.ActiveCfg = Release|Any CPU
		{E82BF3FC-ED96-4E3E-87B4-9ADECD9E0BA1}.Release|Any CPU.Build.0 = Release|Any CPU
		{055E1067-AA51-4096-9D81-1D7DCA85AC43}.Debug|Any CPU.ActiveCfg = Debug|Any CPU
		{055E1067-AA51-4096-9D81-1D7DCA85AC43}.Debug|Any CPU.Build.0 = Debug|Any CPU
		{055E1067-AA51-4096-9D81-1D7DCA85AC43}.Release|Any CPU.ActiveCfg = Release|Any CPU
		{055E1067-AA51-4096-9D81-1D7DCA85AC43}.Release|Any CPU.Build.0 = Release|Any CPU
	EndGlobalSection
	GlobalSection(NestedProjects) = preSolution
		{925F651C-1C53-4E81-9CFB-2DF1A3CA06EC} = {B6F75E1F-8869-4785-AA77-37C729DEAC97}
		{08694D1C-3811-4DB7-8170-63C722B38156} = {B6F75E1F-8869-4785-AA77-37C729DEAC97}
		{5E258CA5-D0DA-4A36-A554-CCBFD52B2C60} = {08694D1C-3811-4DB7-8170-63C722B38156}
		{7B0D24D5-7E06-4162-8876-A32090BD2E48} = {5E258CA5-D0DA-4A36-A554-CCBFD52B2C60}
		{3F69F411-5D65-485A-A6B1-51EDA8E5CAF7} = {08694D1C-3811-4DB7-8170-63C722B38156}
		{98DDC300-1ADF-4175-B561-F37BA1FADE1C} = {3F69F411-5D65-485A-A6B1-51EDA8E5CAF7}
		{B88FE7DF-3CB9-4DF9-AAAB-FEA61EB7A492} = {3F69F411-5D65-485A-A6B1-51EDA8E5CAF7}
		{BCAE3087-97CE-4B5C-8BE4-5D1643BF6D38} = {3F69F411-5D65-485A-A6B1-51EDA8E5CAF7}
		{4D7A5998-8DFF-492C-946E-1155C9122752} = {6F769EC4-FC62-432D-8C0A-5AB0F8CAC36C}
		{E82BF3FC-ED96-4E3E-87B4-9ADECD9E0BA1} = {6F769EC4-FC62-432D-8C0A-5AB0F8CAC36C}
		{055E1067-AA51-4096-9D81-1D7DCA85AC43} = {3F69F411-5D65-485A-A6B1-51EDA8E5CAF7}
	EndGlobalSection
EndGlobal
